
Microsoft Visual Studio Solution File, Format Version 12.00
# Visual Studio Version 17
VisualStudioVersion = 17.11.35327.3
MinimumVisualStudioVersion = 10.0.40219.1
Project("{2150E333-8FDC-42A3-9474-1A3956D46DE8}") = "Services", "Services", "{A4B53A6E-7628-42D5-AB1E-DEA617C74ECF}"
EndProject
Project("{2150E333-8FDC-42A3-9474-1A3956D46DE8}") = "Catalog", "Catalog", "{929F9E80-B52B-40F6-99E3-52E5BE8F868B}"
EndProject
Project("{9A19103F-16F7-4668-BE54-9A1E7A4F7556}") = "MultiShop.Catalog", "Services\Catalog\MultiShop.Catalog\MultiShop.Catalog.csproj", "{322C8E6D-1485-41BF-82A8-0DEE770F1CD2}"
EndProject
Project("{2150E333-8FDC-42A3-9474-1A3956D46DE8}") = "Discount", "Discount", "{4E2DFDE4-4024-4668-9837-C56F8AD9C841}"
EndProject
Project("{9A19103F-16F7-4668-BE54-9A1E7A4F7556}") = "MultiShop.Discount", "Services\Discount\MultiShop.Discount\MultiShop.Discount.csproj", "{65A341E1-9FAE-48E2-B871-EA04BE54D10F}"
EndProject
Project("{2150E333-8FDC-42A3-9474-1A3956D46DE8}") = "Order", "Order", "{46CE1B99-DB8D-45C9-B2F3-1C3BF7AD0873}"
EndProject
Project("{2150E333-8FDC-42A3-9474-1A3956D46DE8}") = "Core", "Core", "{7EC43F15-9C00-4863-B117-CC5AD77EEA6A}"
EndProject
Project("{2150E333-8FDC-42A3-9474-1A3956D46DE8}") = "Infrastructure", "Infrastructure", "{5405F7EA-918A-4848-8081-CC8D7CE1E590}"
EndProject
Project("{2150E333-8FDC-42A3-9474-1A3956D46DE8}") = "Presentation", "Presentation", "{04EA4C23-8013-49A2-8276-20F0337BEE8E}"
EndProject
Project("{9A19103F-16F7-4668-BE54-9A1E7A4F7556}") = "MultiShop.Order.Domain", "Services\Order\Core\MultiShop.Order.Domain\MultiShop.Order.Domain.csproj", "{C5754957-F617-4DD6-AE6A-67ECD3E81C3C}"
EndProject
Project("{9A19103F-16F7-4668-BE54-9A1E7A4F7556}") = "MultiShop.Order.Application", "Services\Order\Core\MultiShop.Order.Application\MultiShop.Order.Application.csproj", "{A95DFDF7-E6BA-48EB-8B84-E3D36E2FBE61}"
EndProject
Project("{9A19103F-16F7-4668-BE54-9A1E7A4F7556}") = "MultiShop.Order.Persistence", "Services\Order\Infrastructure\MultiShop.Order.Persistence\MultiShop.Order.Persistence.csproj", "{78A07927-2602-4DDF-A426-196A1156B853}"
EndProject
Project("{9A19103F-16F7-4668-BE54-9A1E7A4F7556}") = "MultiShop.Order.WebApi", "Services\Order\Presentation\MultiShop.Order.WebApi\MultiShop.Order.WebApi.csproj", "{44376C17-8779-4248-871F-6F179F301174}"
EndProject
Project("{2150E333-8FDC-42A3-9474-1A3956D46DE8}") = "IdentityServer", "IdentityServer", "{EE4DFDFD-E37B-414B-ADC6-853D159F2FB2}"
EndProject
Project("{9A19103F-16F7-4668-BE54-9A1E7A4F7556}") = "MultiShop.IdentityServer", "IdentityServer\MultiShop.IdentityServer\MultiShop.IdentityServer.csproj", "{BEB4AE79-DE91-49AE-8A65-C0A364194674}"
EndProject
Project("{2150E333-8FDC-42A3-9474-1A3956D46DE8}") = "Requirements", "Requirements", "{FA99AB7F-0C14-457F-9DBE-71165D390F88}"
	ProjectSection(SolutionItems) = preProject
		IdentityServerVersionErrorSolution.txt = IdentityServerVersionErrorSolution.txt
		PortainerCmd.txt = PortainerCmd.txt
		PortNumbers.txt = PortNumbers.txt
	EndProjectSection
EndProject
Project("{2150E333-8FDC-42A3-9474-1A3956D46DE8}") = "Cargo", "Cargo", "{4801A0F0-65EF-42FC-B1FD-83336E219F76}"
EndProject
Project("{9A19103F-16F7-4668-BE54-9A1E7A4F7556}") = "MultiShop.Cargo.EntityLayer", "Services\Cargo\MultiShop.Cargo.EntityLayer\MultiShop.Cargo.EntityLayer.csproj", "{998A6BAB-5D94-455D-A09C-DFD30A606E92}"
EndProject
Project("{9A19103F-16F7-4668-BE54-9A1E7A4F7556}") = "MultiShop.Cargo.BusinessLayer", "Services\Cargo\MultiShop.Cargo.BusinessLayer\MultiShop.Cargo.BusinessLayer.csproj", "{1242D365-0ED3-409F-B1E5-C94C9564DDC0}"
EndProject
Project("{9A19103F-16F7-4668-BE54-9A1E7A4F7556}") = "MultiShop.Cargo.DataAccessLayer", "Services\Cargo\MultiShop.Cargo.DataAccessLayer\MultiShop.Cargo.DataAccessLayer.csproj", "{5FD508E8-9A4B-4918-A2FF-33454ECE4977}"
EndProject
Project("{9A19103F-16F7-4668-BE54-9A1E7A4F7556}") = "MultiShop.Cargo.DtoLayer", "Services\Cargo\MultiShop.Cargo.DtoLayer\MultiShop.Cargo.DtoLayer.csproj", "{605D1B68-2500-480F-BE28-A4A86B925316}"
EndProject
Project("{9A19103F-16F7-4668-BE54-9A1E7A4F7556}") = "MultiShop.Cargo.WebApi", "Services\Cargo\MultiShop.Cargo.WebApi\MultiShop.Cargo.WebApi.csproj", "{0D616DEA-1956-4609-B8B9-7FB76DF1B3FD}"
EndProject
Project("{2150E333-8FDC-42A3-9474-1A3956D46DE8}") = "Basket", "Basket", "{FDFA91C8-4EA6-4B9B-981A-9539CD88FD07}"
EndProject
Project("{9A19103F-16F7-4668-BE54-9A1E7A4F7556}") = "MultiShop.Basket", "Services\Basket\MultiShop.Basket\MultiShop.Basket.csproj", "{F069BC54-6549-4F4A-B003-4B9A508E3339}"
EndProject
Project("{2150E333-8FDC-42A3-9474-1A3956D46DE8}") = "Frontends", "Frontends", "{7323222F-0969-417A-893B-43DF9F6A609E}"
EndProject
Project("{9A19103F-16F7-4668-BE54-9A1E7A4F7556}") = "MultiShop.WebUI", "Frontends\MultiShop.WebUI\MultiShop.WebUI.csproj", "{F4FB11EA-8B55-4603-93F1-B649C7FC5A98}"
EndProject
Project("{FAE04EC0-301F-11D3-BF4B-00C04F79EFBC}") = "MultiShop.DtoLayer", "Frontends\MultiShop.DtoLayer\MultiShop.DtoLayer.csproj", "{EBC9AFEA-1E21-432C-AA17-CFA56D8BE3A9}"
EndProject
Global
	GlobalSection(SolutionConfigurationPlatforms) = preSolution
		Debug|Any CPU = Debug|Any CPU
		Release|Any CPU = Release|Any CPU
	EndGlobalSection
	GlobalSection(ProjectConfigurationPlatforms) = postSolution
		{322C8E6D-1485-41BF-82A8-0DEE770F1CD2}.Debug|Any CPU.ActiveCfg = Debug|Any CPU
		{322C8E6D-1485-41BF-82A8-0DEE770F1CD2}.Debug|Any CPU.Build.0 = Debug|Any CPU
		{322C8E6D-1485-41BF-82A8-0DEE770F1CD2}.Release|Any CPU.ActiveCfg = Release|Any CPU
		{322C8E6D-1485-41BF-82A8-0DEE770F1CD2}.Release|Any CPU.Build.0 = Release|Any CPU
		{65A341E1-9FAE-48E2-B871-EA04BE54D10F}.Debug|Any CPU.ActiveCfg = Debug|Any CPU
		{65A341E1-9FAE-48E2-B871-EA04BE54D10F}.Debug|Any CPU.Build.0 = Debug|Any CPU
		{65A341E1-9FAE-48E2-B871-EA04BE54D10F}.Release|Any CPU.ActiveCfg = Release|Any CPU
		{65A341E1-9FAE-48E2-B871-EA04BE54D10F}.Release|Any CPU.Build.0 = Release|Any CPU
		{C5754957-F617-4DD6-AE6A-67ECD3E81C3C}.Debug|Any CPU.ActiveCfg = Debug|Any CPU
		{C5754957-F617-4DD6-AE6A-67ECD3E81C3C}.Debug|Any CPU.Build.0 = Debug|Any CPU
		{C5754957-F617-4DD6-AE6A-67ECD3E81C3C}.Release|Any CPU.ActiveCfg = Release|Any CPU
		{C5754957-F617-4DD6-AE6A-67ECD3E81C3C}.Release|Any CPU.Build.0 = Release|Any CPU
		{A95DFDF7-E6BA-48EB-8B84-E3D36E2FBE61}.Debug|Any CPU.ActiveCfg = Debug|Any CPU
		{A95DFDF7-E6BA-48EB-8B84-E3D36E2FBE61}.Debug|Any CPU.Build.0 = Debug|Any CPU
		{A95DFDF7-E6BA-48EB-8B84-E3D36E2FBE61}.Release|Any CPU.ActiveCfg = Release|Any CPU
		{A95DFDF7-E6BA-48EB-8B84-E3D36E2FBE61}.Release|Any CPU.Build.0 = Release|Any CPU
		{78A07927-2602-4DDF-A426-196A1156B853}.Debug|Any CPU.ActiveCfg = Debug|Any CPU
		{78A07927-2602-4DDF-A426-196A1156B853}.Debug|Any CPU.Build.0 = Debug|Any CPU
		{78A07927-2602-4DDF-A426-196A1156B853}.Release|Any CPU.ActiveCfg = Release|Any CPU
		{78A07927-2602-4DDF-A426-196A1156B853}.Release|Any CPU.Build.0 = Release|Any CPU
		{44376C17-8779-4248-871F-6F179F301174}.Debug|Any CPU.ActiveCfg = Debug|Any CPU
		{44376C17-8779-4248-871F-6F179F301174}.Debug|Any CPU.Build.0 = Debug|Any CPU
		{44376C17-8779-4248-871F-6F179F301174}.Release|Any CPU.ActiveCfg = Release|Any CPU
		{44376C17-8779-4248-871F-6F179F301174}.Release|Any CPU.Build.0 = Release|Any CPU
		{BEB4AE79-DE91-49AE-8A65-C0A364194674}.Debug|Any CPU.ActiveCfg = Debug|Any CPU
		{BEB4AE79-DE91-49AE-8A65-C0A364194674}.Debug|Any CPU.Build.0 = Debug|Any CPU
		{BEB4AE79-DE91-49AE-8A65-C0A364194674}.Release|Any CPU.ActiveCfg = Release|Any CPU
		{BEB4AE79-DE91-49AE-8A65-C0A364194674}.Release|Any CPU.Build.0 = Release|Any CPU
		{998A6BAB-5D94-455D-A09C-DFD30A606E92}.Debug|Any CPU.ActiveCfg = Debug|Any CPU
		{998A6BAB-5D94-455D-A09C-DFD30A606E92}.Debug|Any CPU.Build.0 = Debug|Any CPU
		{998A6BAB-5D94-455D-A09C-DFD30A606E92}.Release|Any CPU.ActiveCfg = Release|Any CPU
		{998A6BAB-5D94-455D-A09C-DFD30A606E92}.Release|Any CPU.Build.0 = Release|Any CPU
		{1242D365-0ED3-409F-B1E5-C94C9564DDC0}.Debug|Any CPU.ActiveCfg = Debug|Any CPU
		{1242D365-0ED3-409F-B1E5-C94C9564DDC0}.Debug|Any CPU.Build.0 = Debug|Any CPU
		{1242D365-0ED3-409F-B1E5-C94C9564DDC0}.Release|Any CPU.ActiveCfg = Release|Any CPU
		{1242D365-0ED3-409F-B1E5-C94C9564DDC0}.Release|Any CPU.Build.0 = Release|Any CPU
		{5FD508E8-9A4B-4918-A2FF-33454ECE4977}.Debug|Any CPU.ActiveCfg = Debug|Any CPU
		{5FD508E8-9A4B-4918-A2FF-33454ECE4977}.Debug|Any CPU.Build.0 = Debug|Any CPU
		{5FD508E8-9A4B-4918-A2FF-33454ECE4977}.Release|Any CPU.ActiveCfg = Release|Any CPU
		{5FD508E8-9A4B-4918-A2FF-33454ECE4977}.Release|Any CPU.Build.0 = Release|Any CPU
		{605D1B68-2500-480F-BE28-A4A86B925316}.Debug|Any CPU.ActiveCfg = Debug|Any CPU
		{605D1B68-2500-480F-BE28-A4A86B925316}.Debug|Any CPU.Build.0 = Debug|Any CPU
		{605D1B68-2500-480F-BE28-A4A86B925316}.Release|Any CPU.ActiveCfg = Release|Any CPU
		{605D1B68-2500-480F-BE28-A4A86B925316}.Release|Any CPU.Build.0 = Release|Any CPU
		{0D616DEA-1956-4609-B8B9-7FB76DF1B3FD}.Debug|Any CPU.ActiveCfg = Debug|Any CPU
		{0D616DEA-1956-4609-B8B9-7FB76DF1B3FD}.Debug|Any CPU.Build.0 = Debug|Any CPU
		{0D616DEA-1956-4609-B8B9-7FB76DF1B3FD}.Release|Any CPU.ActiveCfg = Release|Any CPU
		{0D616DEA-1956-4609-B8B9-7FB76DF1B3FD}.Release|Any CPU.Build.0 = Release|Any CPU
		{F069BC54-6549-4F4A-B003-4B9A508E3339}.Debug|Any CPU.ActiveCfg = Debug|Any CPU
		{F069BC54-6549-4F4A-B003-4B9A508E3339}.Debug|Any CPU.Build.0 = Debug|Any CPU
		{F069BC54-6549-4F4A-B003-4B9A508E3339}.Release|Any CPU.ActiveCfg = Release|Any CPU
		{F069BC54-6549-4F4A-B003-4B9A508E3339}.Release|Any CPU.Build.0 = Release|Any CPU
		{F4FB11EA-8B55-4603-93F1-B649C7FC5A98}.Debug|Any CPU.ActiveCfg = Debug|Any CPU
		{F4FB11EA-8B55-4603-93F1-B649C7FC5A98}.Debug|Any CPU.Build.0 = Debug|Any CPU
		{F4FB11EA-8B55-4603-93F1-B649C7FC5A98}.Release|Any CPU.ActiveCfg = Release|Any CPU
		{F4FB11EA-8B55-4603-93F1-B649C7FC5A98}.Release|Any CPU.Build.0 = Release|Any CPU
		{EBC9AFEA-1E21-432C-AA17-CFA56D8BE3A9}.Debug|Any CPU.ActiveCfg = Debug|Any CPU
		{EBC9AFEA-1E21-432C-AA17-CFA56D8BE3A9}.Debug|Any CPU.Build.0 = Debug|Any CPU
		{EBC9AFEA-1E21-432C-AA17-CFA56D8BE3A9}.Release|Any CPU.ActiveCfg = Release|Any CPU
		{EBC9AFEA-1E21-432C-AA17-CFA56D8BE3A9}.Release|Any CPU.Build.0 = Release|Any CPU
	EndGlobalSection
	GlobalSection(SolutionProperties) = preSolution
		HideSolutionNode = FALSE
	EndGlobalSection
	GlobalSection(NestedProjects) = preSolution
		{929F9E80-B52B-40F6-99E3-52E5BE8F868B} = {A4B53A6E-7628-42D5-AB1E-DEA617C74ECF}
		{322C8E6D-1485-41BF-82A8-0DEE770F1CD2} = {929F9E80-B52B-40F6-99E3-52E5BE8F868B}
		{4E2DFDE4-4024-4668-9837-C56F8AD9C841} = {A4B53A6E-7628-42D5-AB1E-DEA617C74ECF}
		{65A341E1-9FAE-48E2-B871-EA04BE54D10F} = {4E2DFDE4-4024-4668-9837-C56F8AD9C841}
		{46CE1B99-DB8D-45C9-B2F3-1C3BF7AD0873} = {A4B53A6E-7628-42D5-AB1E-DEA617C74ECF}
		{7EC43F15-9C00-4863-B117-CC5AD77EEA6A} = {46CE1B99-DB8D-45C9-B2F3-1C3BF7AD0873}
		{5405F7EA-918A-4848-8081-CC8D7CE1E590} = {46CE1B99-DB8D-45C9-B2F3-1C3BF7AD0873}
		{04EA4C23-8013-49A2-8276-20F0337BEE8E} = {46CE1B99-DB8D-45C9-B2F3-1C3BF7AD0873}
		{C5754957-F617-4DD6-AE6A-67ECD3E81C3C} = {7EC43F15-9C00-4863-B117-CC5AD77EEA6A}
		{A95DFDF7-E6BA-48EB-8B84-E3D36E2FBE61} = {7EC43F15-9C00-4863-B117-CC5AD77EEA6A}
		{78A07927-2602-4DDF-A426-196A1156B853} = {5405F7EA-918A-4848-8081-CC8D7CE1E590}
		{44376C17-8779-4248-871F-6F179F301174} = {04EA4C23-8013-49A2-8276-20F0337BEE8E}
		{BEB4AE79-DE91-49AE-8A65-C0A364194674} = {EE4DFDFD-E37B-414B-ADC6-853D159F2FB2}
		{4801A0F0-65EF-42FC-B1FD-83336E219F76} = {A4B53A6E-7628-42D5-AB1E-DEA617C74ECF}
		{998A6BAB-5D94-455D-A09C-DFD30A606E92} = {4801A0F0-65EF-42FC-B1FD-83336E219F76}
		{1242D365-0ED3-409F-B1E5-C94C9564DDC0} = {4801A0F0-65EF-42FC-B1FD-83336E219F76}
		{5FD508E8-9A4B-4918-A2FF-33454ECE4977} = {4801A0F0-65EF-42FC-B1FD-83336E219F76}
		{605D1B68-2500-480F-BE28-A4A86B925316} = {4801A0F0-65EF-42FC-B1FD-83336E219F76}
		{0D616DEA-1956-4609-B8B9-7FB76DF1B3FD} = {4801A0F0-65EF-42FC-B1FD-83336E219F76}
		{FDFA91C8-4EA6-4B9B-981A-9539CD88FD07} = {A4B53A6E-7628-42D5-AB1E-DEA617C74ECF}
		{F069BC54-6549-4F4A-B003-4B9A508E3339} = {FDFA91C8-4EA6-4B9B-981A-9539CD88FD07}
		{F4FB11EA-8B55-4603-93F1-B649C7FC5A98} = {7323222F-0969-417A-893B-43DF9F6A609E}
		{EBC9AFEA-1E21-432C-AA17-CFA56D8BE3A9} = {7323222F-0969-417A-893B-43DF9F6A609E}
	EndGlobalSection
	GlobalSection(ExtensibilityGlobals) = postSolution
		SolutionGuid = {FA212514-525C-4852-B29C-A4D23C03D7A0}
	EndGlobalSection
EndGlobal
