
Microsoft Visual Studio Solution File, Format Version 12.00
# Visual Studio Version 17
VisualStudioVersion = 17.11.35327.3
MinimumVisualStudioVersion = 10.0.40219.1
Project("{2150E333-8FDC-42A3-9474-1A3956D46DE8}") = "Services", "Services", "{A4B53A6E-7628-42D5-AB1E-DEA617C74ECF}"
EndProject
Project("{2150E333-8FDC-42A3-9474-1A3956D46DE8}") = "Catalog", "Catalog", "{929F9E80-B52B-40F6-99E3-52E5BE8F868B}"
EndProject
Global
	GlobalSection(SolutionProperties) = preSolution
		HideSolutionNode = FALSE
	EndGlobalSection
	GlobalSection(NestedProjects) = preSolution
		{929F9E80-B52B-40F6-99E3-52E5BE8F868B} = {A4B53A6E-7628-42D5-AB1E-DEA617C74ECF}
	EndGlobalSection
	GlobalSection(ExtensibilityGlobals) = postSolution
		SolutionGuid = {FA212514-525C-4852-B29C-A4D23C03D7A0}
	EndGlobalSection
EndGlobal
